// !$*UTF8*$!
{
	archiveVersion = 1;
	classes = {
	};
	objectVersion = 50;
	objects = {

/* Begin PBXBuildFile section */
		B55B8AF2251D1C0B00252AFD /* CoreClassesCell.swift in Sources */ = {isa = PBXBuildFile; fileRef = B55B8AF1251D1C0B00252AFD /* CoreClassesCell.swift */; };
		B576B9CB2522EBE800515920 /* Utils.swift in Sources */ = {isa = PBXBuildFile; fileRef = B576B9CA2522EBE800515920 /* Utils.swift */; };
		B584B89D251B1E68005F2275 /* AppDelegate.swift in Sources */ = {isa = PBXBuildFile; fileRef = B584B89C251B1E68005F2275 /* AppDelegate.swift */; };
		B584B89F251B1E68005F2275 /* SceneDelegate.swift in Sources */ = {isa = PBXBuildFile; fileRef = B584B89E251B1E68005F2275 /* SceneDelegate.swift */; };
		B584B8A4251B1E68005F2275 /* Main.storyboard in Resources */ = {isa = PBXBuildFile; fileRef = B584B8A2251B1E68005F2275 /* Main.storyboard */; };
		B584B8A6251B1E69005F2275 /* Assets.xcassets in Resources */ = {isa = PBXBuildFile; fileRef = B584B8A5251B1E69005F2275 /* Assets.xcassets */; };
		B584B8A9251B1E69005F2275 /* LaunchScreen.storyboard in Resources */ = {isa = PBXBuildFile; fileRef = B584B8A7251B1E69005F2275 /* LaunchScreen.storyboard */; };
		B584B8B2251B1ED9005F2275 /* CoreClasses.swift in Sources */ = {isa = PBXBuildFile; fileRef = B584B8B1251B1ED9005F2275 /* CoreClasses.swift */; };
		B584B8B5251B2079005F2275 /* APIEndPoint.swift in Sources */ = {isa = PBXBuildFile; fileRef = B584B8B4251B2079005F2275 /* APIEndPoint.swift */; };
		B584B8B7251B243B005F2275 /* NetworkController.swift in Sources */ = {isa = PBXBuildFile; fileRef = B584B8B6251B243B005F2275 /* NetworkController.swift */; };
		B584B8BA251B29B6005F2275 /* CoreClassesController.swift in Sources */ = {isa = PBXBuildFile; fileRef = B584B8B9251B29B6005F2275 /* CoreClassesController.swift */; };
		B584B8BE251B2E4E005F2275 /* CoreClassesViewController.swift in Sources */ = {isa = PBXBuildFile; fileRef = B584B8BD251B2E4E005F2275 /* CoreClassesViewController.swift */; };
/* End PBXBuildFile section */

/* Begin PBXFileReference section */
		B55B8AF1251D1C0B00252AFD /* CoreClassesCell.swift */ = {isa = PBXFileReference; lastKnownFileType = sourcecode.swift; path = CoreClassesCell.swift; sourceTree = "<group>"; };
		B576B9CA2522EBE800515920 /* Utils.swift */ = {isa = PBXFileReference; lastKnownFileType = sourcecode.swift; path = Utils.swift; sourceTree = "<group>"; };
		B584B899251B1E68005F2275 /* Core Classes.app */ = {isa = PBXFileReference; explicitFileType = wrapper.application; includeInIndex = 0; path = "Core Classes.app"; sourceTree = BUILT_PRODUCTS_DIR; };
		B584B89C251B1E68005F2275 /* AppDelegate.swift */ = {isa = PBXFileReference; lastKnownFileType = sourcecode.swift; path = AppDelegate.swift; sourceTree = "<group>"; };
		B584B89E251B1E68005F2275 /* SceneDelegate.swift */ = {isa = PBXFileReference; lastKnownFileType = sourcecode.swift; path = SceneDelegate.swift; sourceTree = "<group>"; };
		B584B8A3251B1E68005F2275 /* Base */ = {isa = PBXFileReference; lastKnownFileType = file.storyboard; name = Base; path = Base.lproj/Main.storyboard; sourceTree = "<group>"; };
		B584B8A5251B1E69005F2275 /* Assets.xcassets */ = {isa = PBXFileReference; lastKnownFileType = folder.assetcatalog; path = Assets.xcassets; sourceTree = "<group>"; };
		B584B8A8251B1E69005F2275 /* Base */ = {isa = PBXFileReference; lastKnownFileType = file.storyboard; name = Base; path = Base.lproj/LaunchScreen.storyboard; sourceTree = "<group>"; };
		B584B8AA251B1E69005F2275 /* Info.plist */ = {isa = PBXFileReference; lastKnownFileType = text.plist.xml; path = Info.plist; sourceTree = "<group>"; };
		B584B8B1251B1ED9005F2275 /* CoreClasses.swift */ = {isa = PBXFileReference; lastKnownFileType = sourcecode.swift; path = CoreClasses.swift; sourceTree = "<group>"; };
		B584B8B4251B2079005F2275 /* APIEndPoint.swift */ = {isa = PBXFileReference; lastKnownFileType = sourcecode.swift; path = APIEndPoint.swift; sourceTree = "<group>"; };
		B584B8B6251B243B005F2275 /* NetworkController.swift */ = {isa = PBXFileReference; lastKnownFileType = sourcecode.swift; path = NetworkController.swift; sourceTree = "<group>"; };
		B584B8B9251B29B6005F2275 /* CoreClassesController.swift */ = {isa = PBXFileReference; lastKnownFileType = sourcecode.swift; path = CoreClassesController.swift; sourceTree = "<group>"; };
		B584B8BD251B2E4E005F2275 /* CoreClassesViewController.swift */ = {isa = PBXFileReference; lastKnownFileType = sourcecode.swift; path = CoreClassesViewController.swift; sourceTree = "<group>"; };
/* End PBXFileReference section */

/* Begin PBXFrameworksBuildPhase section */
		B584B896251B1E68005F2275 /* Frameworks */ = {
			isa = PBXFrameworksBuildPhase;
			buildActionMask = 2147483647;
			files = (
			);
			runOnlyForDeploymentPostprocessing = 0;
		};
/* End PBXFrameworksBuildPhase section */

/* Begin PBXGroup section */
		B55B8AF0251D1BD100252AFD /* Views */ = {
			isa = PBXGroup;
			children = (
				B55B8AF1251D1C0B00252AFD /* CoreClassesCell.swift */,
			);
			path = Views;
			sourceTree = "<group>";
		};
		B584B890251B1E68005F2275 = {
			isa = PBXGroup;
			children = (
				B584B89B251B1E68005F2275 /* Core Classes */,
				B584B89A251B1E68005F2275 /* Products */,
			);
			sourceTree = "<group>";
		};
		B584B89A251B1E68005F2275 /* Products */ = {
			isa = PBXGroup;
			children = (
				B584B899251B1E68005F2275 /* Core Classes.app */,
			);
			name = Products;
			sourceTree = "<group>";
		};
		B584B89B251B1E68005F2275 /* Core Classes */ = {
			isa = PBXGroup;
			children = (
				B584B89E251B1E68005F2275 /* SceneDelegate.swift */,
				B584B89C251B1E68005F2275 /* AppDelegate.swift */,
				B584B8BD251B2E4E005F2275 /* CoreClassesViewController.swift */,
				B576B9CA2522EBE800515920 /* Utils.swift */,
				B55B8AF0251D1BD100252AFD /* Views */,
				B584B8B8251B2993005F2275 /* ModelControllers */,
				B584B8B3251B2059005F2275 /* Network Layer */,
				B584B8B0251B1EA7005F2275 /* Model */,
				B584B8A2251B1E68005F2275 /* Main.storyboard */,
				B584B8A5251B1E69005F2275 /* Assets.xcassets */,
				B584B8A7251B1E69005F2275 /* LaunchScreen.storyboard */,
				B584B8AA251B1E69005F2275 /* Info.plist */,
			);
			path = "Core Classes";
			sourceTree = "<group>";
		};
		B584B8B0251B1EA7005F2275 /* Model */ = {
			isa = PBXGroup;
			children = (
				B584B8B1251B1ED9005F2275 /* CoreClasses.swift */,
			);
			path = Model;
			sourceTree = "<group>";
		};
		B584B8B3251B2059005F2275 /* Network Layer */ = {
			isa = PBXGroup;
			children = (
				B584B8B4251B2079005F2275 /* APIEndPoint.swift */,
				B584B8B6251B243B005F2275 /* NetworkController.swift */,
			);
			path = "Network Layer";
			sourceTree = "<group>";
		};
		B584B8B8251B2993005F2275 /* ModelControllers */ = {
			isa = PBXGroup;
			children = (
				B584B8B9251B29B6005F2275 /* CoreClassesController.swift */,
			);
			path = ModelControllers;
			sourceTree = "<group>";
		};
/* End PBXGroup section */

/* Begin PBXNativeTarget section */
		B584B898251B1E68005F2275 /* Core Classes */ = {
			isa = PBXNativeTarget;
			buildConfigurationList = B584B8AD251B1E69005F2275 /* Build configuration list for PBXNativeTarget "Core Classes" */;
			buildPhases = (
				B584B895251B1E68005F2275 /* Sources */,
				B584B896251B1E68005F2275 /* Frameworks */,
				B584B897251B1E68005F2275 /* Resources */,
			);
			buildRules = (
			);
			dependencies = (
			);
			name = "Core Classes";
			productName = "Core Classes";
			productReference = B584B899251B1E68005F2275 /* Core Classes.app */;
			productType = "com.apple.product-type.application";
		};
/* End PBXNativeTarget section */

/* Begin PBXProject section */
		B584B891251B1E68005F2275 /* Project object */ = {
			isa = PBXProject;
			attributes = {
				LastSwiftUpdateCheck = 1170;
				LastUpgradeCheck = 1170;
				ORGANIZATIONNAME = "Seab Jackson";
				TargetAttributes = {
					B584B898251B1E68005F2275 = {
						CreatedOnToolsVersion = 11.7;
					};
				};
			};
			buildConfigurationList = B584B894251B1E68005F2275 /* Build configuration list for PBXProject "Core Classes" */;
			compatibilityVersion = "Xcode 9.3";
			developmentRegion = en;
			hasScannedForEncodings = 0;
			knownRegions = (
				en,
				Base,
			);
			mainGroup = B584B890251B1E68005F2275;
			productRefGroup = B584B89A251B1E68005F2275 /* Products */;
			projectDirPath = "";
			projectRoot = "";
			targets = (
				B584B898251B1E68005F2275 /* Core Classes */,
			);
		};
/* End PBXProject section */

/* Begin PBXResourcesBuildPhase section */
		B584B897251B1E68005F2275 /* Resources */ = {
			isa = PBXResourcesBuildPhase;
			buildActionMask = 2147483647;
			files = (
				B584B8A9251B1E69005F2275 /* LaunchScreen.storyboard in Resources */,
				B584B8A6251B1E69005F2275 /* Assets.xcassets in Resources */,
				B584B8A4251B1E68005F2275 /* Main.storyboard in Resources */,
			);
			runOnlyForDeploymentPostprocessing = 0;
		};
/* End PBXResourcesBuildPhase section */

/* Begin PBXSourcesBuildPhase section */
		B584B895251B1E68005F2275 /* Sources */ = {
			isa = PBXSourcesBuildPhase;
			buildActionMask = 2147483647;
			files = (
				B584B8B5251B2079005F2275 /* APIEndPoint.swift in Sources */,
				B584B8B7251B243B005F2275 /* NetworkController.swift in Sources */,
				B576B9CB2522EBE800515920 /* Utils.swift in Sources */,
				B584B8BE251B2E4E005F2275 /* CoreClassesViewController.swift in Sources */,
				B584B8BA251B29B6005F2275 /* CoreClassesController.swift in Sources */,
				B584B89D251B1E68005F2275 /* AppDelegate.swift in Sources */,
				B584B89F251B1E68005F2275 /* SceneDelegate.swift in Sources */,
				B584B8B2251B1ED9005F2275 /* CoreClasses.swift in Sources */,
				B55B8AF2251D1C0B00252AFD /* CoreClassesCell.swift in Sources */,
			);
			runOnlyForDeploymentPostprocessing = 0;
		};
/* End PBXSourcesBuildPhase section */

/* Begin PBXVariantGroup section */
		B584B8A2251B1E68005F2275 /* Main.storyboard */ = {
			isa = PBXVariantGroup;
			children = (
				B584B8A3251B1E68005F2275 /* Base */,
			);
			name = Main.storyboard;
			sourceTree = "<group>";
		};
		B584B8A7251B1E69005F2275 /* LaunchScreen.storyboard */ = {
			isa = PBXVariantGroup;
			children = (
				B584B8A8251B1E69005F2275 /* Base */,
			);
			name = LaunchScreen.storyboard;
			sourceTree = "<group>";
		};
/* End PBXVariantGroup section */

/* Begin XCBuildConfiguration section */
		B584B8AB251B1E69005F2275 /* Debug */ = {
			isa = XCBuildConfiguration;
			buildSettings = {
				ALWAYS_SEARCH_USER_PATHS = NO;
				CLANG_ANALYZER_NONNULL = YES;
				CLANG_ANALYZER_NUMBER_OBJECT_CONVERSION = YES_AGGRESSIVE;
				CLANG_CXX_LANGUAGE_STANDARD = "gnu++14";
				CLANG_CXX_LIBRARY = "libc++";
				CLANG_ENABLE_MODULES = YES;
				CLANG_ENABLE_OBJC_ARC = YES;
				CLANG_ENABLE_OBJC_WEAK = YES;
				CLANG_WARN_BLOCK_CAPTURE_AUTORELEASING = YES;
				CLANG_WARN_BOOL_CONVERSION = YES;
				CLANG_WARN_COMMA = YES;
				CLANG_WARN_CONSTANT_CONVERSION = YES;
				CLANG_WARN_DEPRECATED_OBJC_IMPLEMENTATIONS = YES;
				CLANG_WARN_DIRECT_OBJC_ISA_USAGE = YES_ERROR;
				CLANG_WARN_DOCUMENTATION_COMMENTS = YES;
				CLANG_WARN_EMPTY_BODY = YES;
				CLANG_WARN_ENUM_CONVERSION = YES;
				CLANG_WARN_INFINITE_RECURSION = YES;
				CLANG_WARN_INT_CONVERSION = YES;
				CLANG_WARN_NON_LITERAL_NULL_CONVERSION = YES;
				CLANG_WARN_OBJC_IMPLICIT_RETAIN_SELF = YES;
				CLANG_WARN_OBJC_LITERAL_CONVERSION = YES;
				CLANG_WARN_OBJC_ROOT_CLASS = YES_ERROR;
				CLANG_WARN_RANGE_LOOP_ANALYSIS = YES;
				CLANG_WARN_STRICT_PROTOTYPES = YES;
				CLANG_WARN_SUSPICIOUS_MOVE = YES;
				CLANG_WARN_UNGUARDED_AVAILABILITY = YES_AGGRESSIVE;
				CLANG_WARN_UNREACHABLE_CODE = YES;
				CLANG_WARN__DUPLICATE_METHOD_MATCH = YES;
				COPY_PHASE_STRIP = NO;
				DEBUG_INFORMATION_FORMAT = dwarf;
				ENABLE_STRICT_OBJC_MSGSEND = YES;
				ENABLE_TESTABILITY = YES;
				GCC_C_LANGUAGE_STANDARD = gnu11;
				GCC_DYNAMIC_NO_PIC = NO;
				GCC_NO_COMMON_BLOCKS = YES;
				GCC_OPTIMIZATION_LEVEL = 0;
				GCC_PREPROCESSOR_DEFINITIONS = (
					"DEBUG=1",
					"$(inherited)",
				);
				GCC_WARN_64_TO_32_BIT_CONVERSION = YES;
				GCC_WARN_ABOUT_RETURN_TYPE = YES_ERROR;
				GCC_WARN_UNDECLARED_SELECTOR = YES;
				GCC_WARN_UNINITIALIZED_AUTOS = YES_AGGRESSIVE;
				GCC_WARN_UNUSED_FUNCTION = YES;
				GCC_WARN_UNUSED_VARIABLE = YES;
				IPHONEOS_DEPLOYMENT_TARGET = 13.1;
				MTL_ENABLE_DEBUG_INFO = INCLUDE_SOURCE;
				MTL_FAST_MATH = YES;
				ONLY_ACTIVE_ARCH = YES;
				SDKROOT = iphoneos;
				SWIFT_ACTIVE_COMPILATION_CONDITIONS = DEBUG;
				SWIFT_OPTIMIZATION_LEVEL = "-Onone";
			};
			name = Debug;
		};
		B584B8AC251B1E69005F2275 /* Release */ = {
			isa = XCBuildConfiguration;
			buildSettings = {
				ALWAYS_SEARCH_USER_PATHS = NO;
				CLANG_ANALYZER_NONNULL = YES;
				CLANG_ANALYZER_NUMBER_OBJECT_CONVERSION = YES_AGGRESSIVE;
				CLANG_CXX_LANGUAGE_STANDARD = "gnu++14";
				CLANG_CXX_LIBRARY = "libc++";
				CLANG_ENABLE_MODULES = YES;
				CLANG_ENABLE_OBJC_ARC = YES;
				CLANG_ENABLE_OBJC_WEAK = YES;
				CLANG_WARN_BLOCK_CAPTURE_AUTORELEASING = YES;
				CLANG_WARN_BOOL_CONVERSION = YES;
				CLANG_WARN_COMMA = YES;
				CLANG_WARN_CONSTANT_CONVERSION = YES;
				CLANG_WARN_DEPRECATED_OBJC_IMPLEMENTATIONS = YES;
				CLANG_WARN_DIRECT_OBJC_ISA_USAGE = YES_ERROR;
				CLANG_WARN_DOCUMENTATION_COMMENTS = YES;
				CLANG_WARN_EMPTY_BODY = YES;
				CLANG_WARN_ENUM_CONVERSION = YES;
				CLANG_WARN_INFINITE_RECURSION = YES;
				CLANG_WARN_INT_CONVERSION = YES;
				CLANG_WARN_NON_LITERAL_NULL_CONVERSION = YES;
				CLANG_WARN_OBJC_IMPLICIT_RETAIN_SELF = YES;
				CLANG_WARN_OBJC_LITERAL_CONVERSION = YES;
				CLANG_WARN_OBJC_ROOT_CLASS = YES_ERROR;
				CLANG_WARN_RANGE_LOOP_ANALYSIS = YES;
				CLANG_WARN_STRICT_PROTOTYPES = YES;
				CLANG_WARN_SUSPICIOUS_MOVE = YES;
				CLANG_WARN_UNGUARDED_AVAILABILITY = YES_AGGRESSIVE;
				CLANG_WARN_UNREACHABLE_CODE = YES;
				CLANG_WARN__DUPLICATE_METHOD_MATCH = YES;
				COPY_PHASE_STRIP = NO;
				DEBUG_INFORMATION_FORMAT = "dwarf-with-dsym";
				ENABLE_NS_ASSERTIONS = NO;
				ENABLE_STRICT_OBJC_MSGSEND = YES;
				GCC_C_LANGUAGE_STANDARD = gnu11;
				GCC_NO_COMMON_BLOCKS = YES;
				GCC_WARN_64_TO_32_BIT_CONVERSION = YES;
				GCC_WARN_ABOUT_RETURN_TYPE = YES_ERROR;
				GCC_WARN_UNDECLARED_SELECTOR = YES;
				GCC_WARN_UNINITIALIZED_AUTOS = YES_AGGRESSIVE;
				GCC_WARN_UNUSED_FUNCTION = YES;
				GCC_WARN_UNUSED_VARIABLE = YES;
				IPHONEOS_DEPLOYMENT_TARGET = 13.1;
				MTL_ENABLE_DEBUG_INFO = NO;
				MTL_FAST_MATH = YES;
				SDKROOT = iphoneos;
				SWIFT_COMPILATION_MODE = wholemodule;
				SWIFT_OPTIMIZATION_LEVEL = "-O";
				VALIDATE_PRODUCT = YES;
			};
			name = Release;
		};
		B584B8AE251B1E69005F2275 /* Debug */ = {
			isa = XCBuildConfiguration;
			buildSettings = {
				ASSETCATALOG_COMPILER_APPICON_NAME = AppIcon;
				CODE_SIGN_STYLE = Automatic;
				DEVELOPMENT_TEAM = K5WVRUDJ59;
				INFOPLIST_FILE = "Core Classes/Info.plist";
				LD_RUNPATH_SEARCH_PATHS = (
					"$(inherited)",
					"@executable_path/Frameworks",
				);
				PRODUCT_BUNDLE_IDENTIFIER = "com.seabjackson.Core-Classes";
				PRODUCT_NAME = "$(TARGET_NAME)";
				SWIFT_VERSION = 5.0;
				TARGETED_DEVICE_FAMILY = "1,2";
			};
			name = Debug;
		};
		B584B8AF251B1E69005F2275 /* Release */ = {
			isa = XCBuildConfiguration;
			buildSettings = {
				ASSETCATALOG_COMPILER_APPICON_NAME = AppIcon;
				CODE_SIGN_STYLE = Automatic;
				DEVELOPMENT_TEAM = K5WVRUDJ59;
				INFOPLIST_FILE = "Core Classes/Info.plist";
				LD_RUNPATH_SEARCH_PATHS = (
					"$(inherited)",
					"@executable_path/Frameworks",
				);
				PRODUCT_BUNDLE_IDENTIFIER = "com.seabjackson.Core-Classes";
				PRODUCT_NAME = "$(TARGET_NAME)";
				SWIFT_VERSION = 5.0;
				TARGETED_DEVICE_FAMILY = "1,2";
			};
			name = Release;
		};
/* End XCBuildConfiguration section */

/* Begin XCConfigurationList section */
		B584B894251B1E68005F2275 /* Build configuration list for PBXProject "Core Classes" */ = {
			isa = XCConfigurationList;
			buildConfigurations = (
				B584B8AB251B1E69005F2275 /* Debug */,
				B584B8AC251B1E69005F2275 /* Release */,
			);
			defaultConfigurationIsVisible = 0;
			defaultConfigurationName = Release;
		};
		B584B8AD251B1E69005F2275 /* Build configuration list for PBXNativeTarget "Core Classes" */ = {
			isa = XCConfigurationList;
			buildConfigurations = (
				B584B8AE251B1E69005F2275 /* Debug */,
				B584B8AF251B1E69005F2275 /* Release */,
			);
			defaultConfigurationIsVisible = 0;
			defaultConfigurationName = Release;
		};
/* End XCConfigurationList section */
	};
	rootObject = B584B891251B1E68005F2275 /* Project object */;
}
